// !$*UTF8*$!
{
	archiveVersion = 1;
	classes = {
	};
	objectVersion = 56;
	objects = {

/* Begin PBXBuildFile section */
		756CAFA62BE26D5F00037B71 /* TechieButlerAssignmentApp.swift in Sources */ = {isa = PBXBuildFile; fileRef = 756CAFA52BE26D5F00037B71 /* TechieButlerAssignmentApp.swift */; };
		756CAFA82BE26D5F00037B71 /* HomeView.swift in Sources */ = {isa = PBXBuildFile; fileRef = 756CAFA72BE26D5F00037B71 /* HomeView.swift */; };
		756CAFAA2BE26D6200037B71 /* Assets.xcassets in Resources */ = {isa = PBXBuildFile; fileRef = 756CAFA92BE26D6200037B71 /* Assets.xcassets */; };
		756CAFAD2BE26D6200037B71 /* Preview Assets.xcassets in Resources */ = {isa = PBXBuildFile; fileRef = 756CAFAC2BE26D6200037B71 /* Preview Assets.xcassets */; };
		756CAFB92BE26E6300037B71 /* HomeViewModel.swift in Sources */ = {isa = PBXBuildFile; fileRef = 756CAFB82BE26E6300037B71 /* HomeViewModel.swift */; };
		756CAFBC2BE26EE600037B71 /* PostModel.swift in Sources */ = {isa = PBXBuildFile; fileRef = 756CAFBB2BE26EE600037B71 /* PostModel.swift */; };
		756CAFBF2BE26FFB00037B71 /* RequestHandler.swift in Sources */ = {isa = PBXBuildFile; fileRef = 756CAFBE2BE26FFB00037B71 /* RequestHandler.swift */; };
		756CAFC32BE2B80200037B71 /* DetailView.swift in Sources */ = {isa = PBXBuildFile; fileRef = 756CAFC22BE2B80200037B71 /* DetailView.swift */; };
/* End PBXBuildFile section */

/* Begin PBXFileReference section */
		756CAFA22BE26D5F00037B71 /* TechieButlerAssignment.app */ = {isa = PBXFileReference; explicitFileType = wrapper.application; includeInIndex = 0; path = TechieButlerAssignment.app; sourceTree = BUILT_PRODUCTS_DIR; };
		756CAFA52BE26D5F00037B71 /* TechieButlerAssignmentApp.swift */ = {isa = PBXFileReference; lastKnownFileType = sourcecode.swift; path = TechieButlerAssignmentApp.swift; sourceTree = "<group>"; };
		756CAFA72BE26D5F00037B71 /* HomeView.swift */ = {isa = PBXFileReference; lastKnownFileType = sourcecode.swift; path = HomeView.swift; sourceTree = "<group>"; };
		756CAFA92BE26D6200037B71 /* Assets.xcassets */ = {isa = PBXFileReference; lastKnownFileType = folder.assetcatalog; path = Assets.xcassets; sourceTree = "<group>"; };
		756CAFAC2BE26D6200037B71 /* Preview Assets.xcassets */ = {isa = PBXFileReference; lastKnownFileType = folder.assetcatalog; path = "Preview Assets.xcassets"; sourceTree = "<group>"; };
		756CAFB82BE26E6300037B71 /* HomeViewModel.swift */ = {isa = PBXFileReference; lastKnownFileType = sourcecode.swift; path = HomeViewModel.swift; sourceTree = "<group>"; };
		756CAFBB2BE26EE600037B71 /* PostModel.swift */ = {isa = PBXFileReference; lastKnownFileType = sourcecode.swift; path = PostModel.swift; sourceTree = "<group>"; };
		756CAFBE2BE26FFB00037B71 /* RequestHandler.swift */ = {isa = PBXFileReference; lastKnownFileType = sourcecode.swift; path = RequestHandler.swift; sourceTree = "<group>"; };
		756CAFC22BE2B80200037B71 /* DetailView.swift */ = {isa = PBXFileReference; lastKnownFileType = sourcecode.swift; path = DetailView.swift; sourceTree = "<group>"; };
/* End PBXFileReference section */

/* Begin PBXFrameworksBuildPhase section */
		756CAF9F2BE26D5F00037B71 /* Frameworks */ = {
			isa = PBXFrameworksBuildPhase;
			buildActionMask = 2147483647;
			files = (
			);
			runOnlyForDeploymentPostprocessing = 0;
		};
/* End PBXFrameworksBuildPhase section */

/* Begin PBXGroup section */
		756CAF992BE26D5F00037B71 = {
			isa = PBXGroup;
			children = (
				756CAFA42BE26D5F00037B71 /* TechieButlerAssignment */,
				756CAFA32BE26D5F00037B71 /* Products */,
			);
			sourceTree = "<group>";
		};
		756CAFA32BE26D5F00037B71 /* Products */ = {
			isa = PBXGroup;
			children = (
				756CAFA22BE26D5F00037B71 /* TechieButlerAssignment.app */,
			);
			name = Products;
			sourceTree = "<group>";
		};
		756CAFA42BE26D5F00037B71 /* TechieButlerAssignment */ = {
			isa = PBXGroup;
			children = (
				756CAFB32BE26DBF00037B71 /* App */,
				756CAFB42BE26DCC00037B71 /* Features */,
				756CAFBD2BE26FE000037B71 /* Helpers */,
				756CAFA92BE26D6200037B71 /* Assets.xcassets */,
				756CAFAB2BE26D6200037B71 /* Preview Content */,
			);
			path = TechieButlerAssignment;
			sourceTree = "<group>";
		};
		756CAFAB2BE26D6200037B71 /* Preview Content */ = {
			isa = PBXGroup;
			children = (
				756CAFAC2BE26D6200037B71 /* Preview Assets.xcassets */,
			);
			path = "Preview Content";
			sourceTree = "<group>";
		};
		756CAFB32BE26DBF00037B71 /* App */ = {
			isa = PBXGroup;
			children = (
				756CAFA52BE26D5F00037B71 /* TechieButlerAssignmentApp.swift */,
			);
			path = App;
			sourceTree = "<group>";
		};
		756CAFB42BE26DCC00037B71 /* Features */ = {
			isa = PBXGroup;
			children = (
				756CAFB52BE26DE400037B71 /* Home */,
				756CAFC02BE2B7E300037B71 /* Detail */,
			);
			path = Features;
			sourceTree = "<group>";
		};
		756CAFB52BE26DE400037B71 /* Home */ = {
			isa = PBXGroup;
			children = (
				756CAFBA2BE26EC100037B71 /* Model */,
				756CAFB62BE26DF100037B71 /* View */,
				756CAFB72BE26E4700037B71 /* View Model */,
			);
			path = Home;
			sourceTree = "<group>";
		};
		756CAFB62BE26DF100037B71 /* View */ = {
			isa = PBXGroup;
			children = (
				756CAFA72BE26D5F00037B71 /* HomeView.swift */,
			);
			path = View;
			sourceTree = "<group>";
		};
		756CAFB72BE26E4700037B71 /* View Model */ = {
			isa = PBXGroup;
			children = (
				756CAFB82BE26E6300037B71 /* HomeViewModel.swift */,
			);
			path = "View Model";
			sourceTree = "<group>";
		};
		756CAFBA2BE26EC100037B71 /* Model */ = {
			isa = PBXGroup;
			children = (
				756CAFBB2BE26EE600037B71 /* PostModel.swift */,
			);
			path = Model;
			sourceTree = "<group>";
		};
		756CAFBD2BE26FE000037B71 /* Helpers */ = {
			isa = PBXGroup;
			children = (
				756CAFBE2BE26FFB00037B71 /* RequestHandler.swift */,
			);
			path = Helpers;
			sourceTree = "<group>";
		};
		756CAFC02BE2B7E300037B71 /* Detail */ = {
			isa = PBXGroup;
			children = (
				756CAFC12BE2B7EF00037B71 /* View */,
			);
			path = Detail;
			sourceTree = "<group>";
		};
		756CAFC12BE2B7EF00037B71 /* View */ = {
			isa = PBXGroup;
			children = (
				756CAFC22BE2B80200037B71 /* DetailView.swift */,
			);
			path = View;
			sourceTree = "<group>";
		};
/* End PBXGroup section */

/* Begin PBXNativeTarget section */
		756CAFA12BE26D5F00037B71 /* TechieButlerAssignment */ = {
			isa = PBXNativeTarget;
			buildConfigurationList = 756CAFB02BE26D6200037B71 /* Build configuration list for PBXNativeTarget "TechieButlerAssignment" */;
			buildPhases = (
				756CAF9E2BE26D5F00037B71 /* Sources */,
				756CAF9F2BE26D5F00037B71 /* Frameworks */,
				756CAFA02BE26D5F00037B71 /* Resources */,
			);
			buildRules = (
			);
			dependencies = (
			);
			name = TechieButlerAssignment;
			productName = TechieButlerAssignment;
			productReference = 756CAFA22BE26D5F00037B71 /* TechieButlerAssignment.app */;
			productType = "com.apple.product-type.application";
		};
/* End PBXNativeTarget section */

/* Begin PBXProject section */
		756CAF9A2BE26D5F00037B71 /* Project object */ = {
			isa = PBXProject;
			attributes = {
				BuildIndependentTargetsInParallel = 1;
				LastSwiftUpdateCheck = 1510;
				LastUpgradeCheck = 1510;
				TargetAttributes = {
					756CAFA12BE26D5F00037B71 = {
						CreatedOnToolsVersion = 15.1;
					};
				};
			};
			buildConfigurationList = 756CAF9D2BE26D5F00037B71 /* Build configuration list for PBXProject "TechieButlerAssignment" */;
			compatibilityVersion = "Xcode 14.0";
			developmentRegion = en;
			hasScannedForEncodings = 0;
			knownRegions = (
				en,
				Base,
			);
			mainGroup = 756CAF992BE26D5F00037B71;
			productRefGroup = 756CAFA32BE26D5F00037B71 /* Products */;
			projectDirPath = "";
			projectRoot = "";
			targets = (
				756CAFA12BE26D5F00037B71 /* TechieButlerAssignment */,
			);
		};
/* End PBXProject section */

/* Begin PBXResourcesBuildPhase section */
		756CAFA02BE26D5F00037B71 /* Resources */ = {
			isa = PBXResourcesBuildPhase;
			buildActionMask = 2147483647;
			files = (
				756CAFAD2BE26D6200037B71 /* Preview Assets.xcassets in Resources */,
				756CAFAA2BE26D6200037B71 /* Assets.xcassets in Resources */,
			);
			runOnlyForDeploymentPostprocessing = 0;
		};
/* End PBXResourcesBuildPhase section */

/* Begin PBXSourcesBuildPhase section */
		756CAF9E2BE26D5F00037B71 /* Sources */ = {
			isa = PBXSourcesBuildPhase;
			buildActionMask = 2147483647;
			files = (
				756CAFA82BE26D5F00037B71 /* HomeView.swift in Sources */,
				756CAFC32BE2B80200037B71 /* DetailView.swift in Sources */,
				756CAFBF2BE26FFB00037B71 /* RequestHandler.swift in Sources */,
				756CAFBC2BE26EE600037B71 /* PostModel.swift in Sources */,
				756CAFB92BE26E6300037B71 /* HomeViewModel.swift in Sources */,
				756CAFA62BE26D5F00037B71 /* TechieButlerAssignmentApp.swift in Sources */,
			);
			runOnlyForDeploymentPostprocessing = 0;
		};
/* End PBXSourcesBuildPhase section */

/* Begin XCBuildConfiguration section */
		756CAFAE2BE26D6200037B71 /* Debug */ = {
			isa = XCBuildConfiguration;
			buildSettings = {
				ALWAYS_SEARCH_USER_PATHS = NO;
				ASSETCATALOG_COMPILER_GENERATE_SWIFT_ASSET_SYMBOL_EXTENSIONS = YES;
				CLANG_ANALYZER_NONNULL = YES;
				CLANG_ANALYZER_NUMBER_OBJECT_CONVERSION = YES_AGGRESSIVE;
				CLANG_CXX_LANGUAGE_STANDARD = "gnu++20";
				CLANG_ENABLE_MODULES = YES;
				CLANG_ENABLE_OBJC_ARC = YES;
				CLANG_ENABLE_OBJC_WEAK = YES;
				CLANG_WARN_BLOCK_CAPTURE_AUTORELEASING = YES;
				CLANG_WARN_BOOL_CONVERSION = YES;
				CLANG_WARN_COMMA = YES;
				CLANG_WARN_CONSTANT_CONVERSION = YES;
				CLANG_WARN_DEPRECATED_OBJC_IMPLEMENTATIONS = YES;
				CLANG_WARN_DIRECT_OBJC_ISA_USAGE = YES_ERROR;
				CLANG_WARN_DOCUMENTATION_COMMENTS = YES;
				CLANG_WARN_EMPTY_BODY = YES;
				CLANG_WARN_ENUM_CONVERSION = YES;
				CLANG_WARN_INFINITE_RECURSION = YES;
				CLANG_WARN_INT_CONVERSION = YES;
				CLANG_WARN_NON_LITERAL_NULL_CONVERSION = YES;
				CLANG_WARN_OBJC_IMPLICIT_RETAIN_SELF = YES;
				CLANG_WARN_OBJC_LITERAL_CONVERSION = YES;
				CLANG_WARN_OBJC_ROOT_CLASS = YES_ERROR;
				CLANG_WARN_QUOTED_INCLUDE_IN_FRAMEWORK_HEADER = YES;
				CLANG_WARN_RANGE_LOOP_ANALYSIS = YES;
				CLANG_WARN_STRICT_PROTOTYPES = YES;
				CLANG_WARN_SUSPICIOUS_MOVE = YES;
				CLANG_WARN_UNGUARDED_AVAILABILITY = YES_AGGRESSIVE;
				CLANG_WARN_UNREACHABLE_CODE = YES;
				CLANG_WARN__DUPLICATE_METHOD_MATCH = YES;
				COPY_PHASE_STRIP = NO;
				DEBUG_INFORMATION_FORMAT = dwarf;
				ENABLE_STRICT_OBJC_MSGSEND = YES;
				ENABLE_TESTABILITY = YES;
				ENABLE_USER_SCRIPT_SANDBOXING = YES;
				GCC_C_LANGUAGE_STANDARD = gnu17;
				GCC_DYNAMIC_NO_PIC = NO;
				GCC_NO_COMMON_BLOCKS = YES;
				GCC_OPTIMIZATION_LEVEL = 0;
				GCC_PREPROCESSOR_DEFINITIONS = (
					"DEBUG=1",
					"$(inherited)",
				);
				GCC_WARN_64_TO_32_BIT_CONVERSION = YES;
				GCC_WARN_ABOUT_RETURN_TYPE = YES_ERROR;
				GCC_WARN_UNDECLARED_SELECTOR = YES;
				GCC_WARN_UNINITIALIZED_AUTOS = YES_AGGRESSIVE;
				GCC_WARN_UNUSED_FUNCTION = YES;
				GCC_WARN_UNUSED_VARIABLE = YES;
				IPHONEOS_DEPLOYMENT_TARGET = 17.2;
				LOCALIZATION_PREFERS_STRING_CATALOGS = YES;
				MTL_ENABLE_DEBUG_INFO = INCLUDE_SOURCE;
				MTL_FAST_MATH = YES;
				ONLY_ACTIVE_ARCH = YES;
				SDKROOT = iphoneos;
				SWIFT_ACTIVE_COMPILATION_CONDITIONS = "DEBUG $(inherited)";
				SWIFT_OPTIMIZATION_LEVEL = "-Onone";
			};
			name = Debug;
		};
		756CAFAF2BE26D6200037B71 /* Release */ = {
			isa = XCBuildConfiguration;
			buildSettings = {
				ALWAYS_SEARCH_USER_PATHS = NO;
				ASSETCATALOG_COMPILER_GENERATE_SWIFT_ASSET_SYMBOL_EXTENSIONS = YES;
				CLANG_ANALYZER_NONNULL = YES;
				CLANG_ANALYZER_NUMBER_OBJECT_CONVERSION = YES_AGGRESSIVE;
				CLANG_CXX_LANGUAGE_STANDARD = "gnu++20";
				CLANG_ENABLE_MODULES = YES;
				CLANG_ENABLE_OBJC_ARC = YES;
				CLANG_ENABLE_OBJC_WEAK = YES;
				CLANG_WARN_BLOCK_CAPTURE_AUTORELEASING = YES;
				CLANG_WARN_BOOL_CONVERSION = YES;
				CLANG_WARN_COMMA = YES;
				CLANG_WARN_CONSTANT_CONVERSION = YES;
				CLANG_WARN_DEPRECATED_OBJC_IMPLEMENTATIONS = YES;
				CLANG_WARN_DIRECT_OBJC_ISA_USAGE = YES_ERROR;
				CLANG_WARN_DOCUMENTATION_COMMENTS = YES;
				CLANG_WARN_EMPTY_BODY = YES;
				CLANG_WARN_ENUM_CONVERSION = YES;
				CLANG_WARN_INFINITE_RECURSION = YES;
				CLANG_WARN_INT_CONVERSION = YES;
				CLANG_WARN_NON_LITERAL_NULL_CONVERSION = YES;
				CLANG_WARN_OBJC_IMPLICIT_RETAIN_SELF = YES;
				CLANG_WARN_OBJC_LITERAL_CONVERSION = YES;
				CLANG_WARN_OBJC_ROOT_CLASS = YES_ERROR;
				CLANG_WARN_QUOTED_INCLUDE_IN_FRAMEWORK_HEADER = YES;
				CLANG_WARN_RANGE_LOOP_ANALYSIS = YES;
				CLANG_WARN_STRICT_PROTOTYPES = YES;
				CLANG_WARN_SUSPICIOUS_MOVE = YES;
				CLANG_WARN_UNGUARDED_AVAILABILITY = YES_AGGRESSIVE;
				CLANG_WARN_UNREACHABLE_CODE = YES;
				CLANG_WARN__DUPLICATE_METHOD_MATCH = YES;
				COPY_PHASE_STRIP = NO;
				DEBUG_INFORMATION_FORMAT = "dwarf-with-dsym";
				ENABLE_NS_ASSERTIONS = NO;
				ENABLE_STRICT_OBJC_MSGSEND = YES;
				ENABLE_USER_SCRIPT_SANDBOXING = YES;
				GCC_C_LANGUAGE_STANDARD = gnu17;
				GCC_NO_COMMON_BLOCKS = YES;
				GCC_WARN_64_TO_32_BIT_CONVERSION = YES;
				GCC_WARN_ABOUT_RETURN_TYPE = YES_ERROR;
				GCC_WARN_UNDECLARED_SELECTOR = YES;
				GCC_WARN_UNINITIALIZED_AUTOS = YES_AGGRESSIVE;
				GCC_WARN_UNUSED_FUNCTION = YES;
				GCC_WARN_UNUSED_VARIABLE = YES;
				IPHONEOS_DEPLOYMENT_TARGET = 17.2;
				LOCALIZATION_PREFERS_STRING_CATALOGS = YES;
				MTL_ENABLE_DEBUG_INFO = NO;
				MTL_FAST_MATH = YES;
				SDKROOT = iphoneos;
				SWIFT_COMPILATION_MODE = wholemodule;
				VALIDATE_PRODUCT = YES;
			};
			name = Release;
		};
		756CAFB12BE26D6200037B71 /* Debug */ = {
			isa = XCBuildConfiguration;
			buildSettings = {
				ASSETCATALOG_COMPILER_APPICON_NAME = AppIcon;
				ASSETCATALOG_COMPILER_GLOBAL_ACCENT_COLOR_NAME = AccentColor;
				CODE_SIGN_STYLE = Automatic;
				CURRENT_PROJECT_VERSION = 1;
				DEVELOPMENT_ASSET_PATHS = "\"TechieButlerAssignment/Preview Content\"";
				DEVELOPMENT_TEAM = 6AKVD26ZTR;
				ENABLE_PREVIEWS = YES;
				GENERATE_INFOPLIST_FILE = YES;
				INFOPLIST_KEY_UIApplicationSceneManifest_Generation = YES;
				INFOPLIST_KEY_UIApplicationSupportsIndirectInputEvents = YES;
				INFOPLIST_KEY_UILaunchScreen_Generation = YES;
				INFOPLIST_KEY_UISupportedInterfaceOrientations_iPad = "UIInterfaceOrientationPortrait UIInterfaceOrientationPortraitUpsideDown UIInterfaceOrientationLandscapeLeft UIInterfaceOrientationLandscapeRight";
				INFOPLIST_KEY_UISupportedInterfaceOrientations_iPhone = "UIInterfaceOrientationPortrait UIInterfaceOrientationLandscapeLeft UIInterfaceOrientationLandscapeRight";
				LD_RUNPATH_SEARCH_PATHS = (
					"$(inherited)",
					"@executable_path/Frameworks",
				);
				MARKETING_VERSION = 1.0;
				PRODUCT_BUNDLE_IDENTIFIER = DemoCompany.TechieButlerAssignment;
				PRODUCT_NAME = "$(TARGET_NAME)";
				SWIFT_EMIT_LOC_STRINGS = YES;
				SWIFT_VERSION = 5.0;
				TARGETED_DEVICE_FAMILY = "1,2";
			};
			name = Debug;
		};
		756CAFB22BE26D6200037B71 /* Release */ = {
			isa = XCBuildConfiguration;
			buildSettings = {
				ASSETCATALOG_COMPILER_APPICON_NAME = AppIcon;
				ASSETCATALOG_COMPILER_GLOBAL_ACCENT_COLOR_NAME = AccentColor;
				CODE_SIGN_STYLE = Automatic;
				CURRENT_PROJECT_VERSION = 1;
				DEVELOPMENT_ASSET_PATHS = "\"TechieButlerAssignment/Preview Content\"";
				DEVELOPMENT_TEAM = 6AKVD26ZTR;
				ENABLE_PREVIEWS = YES;
				GENERATE_INFOPLIST_FILE = YES;
				INFOPLIST_KEY_UIApplicationSceneManifest_Generation = YES;
				INFOPLIST_KEY_UIApplicationSupportsIndirectInputEvents = YES;
				INFOPLIST_KEY_UILaunchScreen_Generation = YES;
				INFOPLIST_KEY_UISupportedInterfaceOrientations_iPad = "UIInterfaceOrientationPortrait UIInterfaceOrientationPortraitUpsideDown UIInterfaceOrientationLandscapeLeft UIInterfaceOrientationLandscapeRight";
				INFOPLIST_KEY_UISupportedInterfaceOrientations_iPhone = "UIInterfaceOrientationPortrait UIInterfaceOrientationLandscapeLeft UIInterfaceOrientationLandscapeRight";
				LD_RUNPATH_SEARCH_PATHS = (
					"$(inherited)",
					"@executable_path/Frameworks",
				);
				MARKETING_VERSION = 1.0;
				PRODUCT_BUNDLE_IDENTIFIER = DemoCompany.TechieButlerAssignment;
				PRODUCT_NAME = "$(TARGET_NAME)";
				SWIFT_EMIT_LOC_STRINGS = YES;
				SWIFT_VERSION = 5.0;
				TARGETED_DEVICE_FAMILY = "1,2";
			};
			name = Release;
		};
/* End XCBuildConfiguration section */

/* Begin XCConfigurationList section */
		756CAF9D2BE26D5F00037B71 /* Build configuration list for PBXProject "TechieButlerAssignment" */ = {
			isa = XCConfigurationList;
			buildConfigurations = (
				756CAFAE2BE26D6200037B71 /* Debug */,
				756CAFAF2BE26D6200037B71 /* Release */,
			);
			defaultConfigurationIsVisible = 0;
			defaultConfigurationName = Release;
		};
		756CAFB02BE26D6200037B71 /* Build configuration list for PBXNativeTarget "TechieButlerAssignment" */ = {
			isa = XCConfigurationList;
			buildConfigurations = (
				756CAFB12BE26D6200037B71 /* Debug */,
				756CAFB22BE26D6200037B71 /* Release */,
			);
			defaultConfigurationIsVisible = 0;
			defaultConfigurationName = Release;
		};
/* End XCConfigurationList section */
	};
	rootObject = 756CAF9A2BE26D5F00037B71 /* Project object */;
}
